
Microsoft Visual Studio Solution File, Format Version 12.00
# Visual Studio 2013
VisualStudioVersion = 12.0.40629.0
MinimumVisualStudioVersion = 10.0.40219.1
Project("{FAE04EC0-301F-11D3-BF4B-00C04F79EFBC}") = "SportsStore", "SportsStore\SportsStore.csproj", "{1FABF958-291A-425A-B89D-698211F35D4A}"
EndProject
Project("{FAE04EC0-301F-11D3-BF4B-00C04F79EFBC}") = "SportsStore.Tests", "SportsStore.Tests\SportsStore.Tests.csproj", "{39745BC8-138D-4980-AC7C-81871BEEBFD3}"
EndProject
Project("{FAE04EC0-301F-11D3-BF4B-00C04F79EFBC}") = "SportsStore.Domain", "SportsStore.Domain\SportsStore.Domain.csproj", "{7C3ADECF-75CF-48C0-AF9E-1578F9739000}"
EndProject
Global
	GlobalSection(SolutionConfigurationPlatforms) = preSolution
		Debug|Any CPU = Debug|Any CPU
		Release|Any CPU = Release|Any CPU
	EndGlobalSection
	GlobalSection(ProjectConfigurationPlatforms) = postSolution
		{1FABF958-291A-425A-B89D-698211F35D4A}.Debug|Any CPU.ActiveCfg = Debug|Any CPU
		{1FABF958-291A-425A-B89D-698211F35D4A}.Debug|Any CPU.Build.0 = Debug|Any CPU
		{1FABF958-291A-425A-B89D-698211F35D4A}.Release|Any CPU.ActiveCfg = Release|Any CPU
		{1FABF958-291A-425A-B89D-698211F35D4A}.Release|Any CPU.Build.0 = Release|Any CPU
		{39745BC8-138D-4980-AC7C-81871BEEBFD3}.Debug|Any CPU.ActiveCfg = Debug|Any CPU
		{39745BC8-138D-4980-AC7C-81871BEEBFD3}.Debug|Any CPU.Build.0 = Debug|Any CPU
		{39745BC8-138D-4980-AC7C-81871BEEBFD3}.Release|Any CPU.ActiveCfg = Release|Any CPU
		{39745BC8-138D-4980-AC7C-81871BEEBFD3}.Release|Any CPU.Build.0 = Release|Any CPU
		{7C3ADECF-75CF-48C0-AF9E-1578F9739000}.Debug|Any CPU.ActiveCfg = Debug|Any CPU
		{7C3ADECF-75CF-48C0-AF9E-1578F9739000}.Debug|Any CPU.Build.0 = Debug|Any CPU
		{7C3ADECF-75CF-48C0-AF9E-1578F9739000}.Release|Any CPU.ActiveCfg = Release|Any CPU
		{7C3ADECF-75CF-48C0-AF9E-1578F9739000}.Release|Any CPU.Build.0 = Release|Any CPU
	EndGlobalSection
	GlobalSection(SolutionProperties) = preSolution
		HideSolutionNode = FALSE
	EndGlobalSection
EndGlobal
